
Microsoft Visual Studio Solution File, Format Version 12.00
# Visual Studio Version 17
VisualStudioVersion = 17.9.34728.123
MinimumVisualStudioVersion = 10.0.40219.1
Project("{2150E333-8FDC-42A3-9474-1A3956D46DE8}") = "Tests", "Tests", "{21AF9A9F-2BEC-4673-991A-C50122314813}"
EndProject
Project("{2150E333-8FDC-42A3-9474-1A3956D46DE8}") = "Scr", "Scr", "{DF2BEA0E-1D28-4C7E-8D95-F4A14DCF2FD3}"
EndProject
Project("{9A19103F-16F7-4668-BE54-9A1E7A4F7556}") = "Api", "src\Api\Api.csproj", "{175D8730-936A-4D8E-B542-8B16A2A9289C}"
EndProject
Project("{9A19103F-16F7-4668-BE54-9A1E7A4F7556}") = "Aplication", "src\Aplication\Aplication.csproj", "{7099FC08-3C19-44D7-B0EB-B8AF3BAD16E3}"
EndProject
Project("{9A19103F-16F7-4668-BE54-9A1E7A4F7556}") = "Domain", "src\Domain\Domain.csproj", "{C636612E-C939-4CC9-8688-AFC626C7F6AF}"
EndProject
Project("{E53339B2-1760-4266-BCC7-CA923CBCF16C}") = "docker-compose", "docker-compose.dcproj", "{D1DA277B-286B-4547-8773-429CAE8A605B}"
EndProject
Project("{FAE04EC0-301F-11D3-BF4B-00C04F79EFBC}") = "Infrastructure", "src\Infrastructure\Infrastructure.csproj", "{D8B7F577-2B70-4734-AF1D-1A8968F7C6E8}"
EndProject
Project("{FAE04EC0-301F-11D3-BF4B-00C04F79EFBC}") = "Queries", "src\Queries\Queries.csproj", "{5505AEE7-5001-468D-B393-F7110AE48AA5}"
EndProject
Global
	GlobalSection(SolutionConfigurationPlatforms) = preSolution
		Debug|Any CPU = Debug|Any CPU
		Release|Any CPU = Release|Any CPU
	EndGlobalSection
	GlobalSection(ProjectConfigurationPlatforms) = postSolution
		{175D8730-936A-4D8E-B542-8B16A2A9289C}.Debug|Any CPU.ActiveCfg = Debug|Any CPU
		{175D8730-936A-4D8E-B542-8B16A2A9289C}.Debug|Any CPU.Build.0 = Debug|Any CPU
		{175D8730-936A-4D8E-B542-8B16A2A9289C}.Release|Any CPU.ActiveCfg = Release|Any CPU
		{175D8730-936A-4D8E-B542-8B16A2A9289C}.Release|Any CPU.Build.0 = Release|Any CPU
		{7099FC08-3C19-44D7-B0EB-B8AF3BAD16E3}.Debug|Any CPU.ActiveCfg = Debug|Any CPU
		{7099FC08-3C19-44D7-B0EB-B8AF3BAD16E3}.Debug|Any CPU.Build.0 = Debug|Any CPU
		{7099FC08-3C19-44D7-B0EB-B8AF3BAD16E3}.Release|Any CPU.ActiveCfg = Release|Any CPU
		{7099FC08-3C19-44D7-B0EB-B8AF3BAD16E3}.Release|Any CPU.Build.0 = Release|Any CPU
		{C636612E-C939-4CC9-8688-AFC626C7F6AF}.Debug|Any CPU.ActiveCfg = Debug|Any CPU
		{C636612E-C939-4CC9-8688-AFC626C7F6AF}.Debug|Any CPU.Build.0 = Debug|Any CPU
		{C636612E-C939-4CC9-8688-AFC626C7F6AF}.Release|Any CPU.ActiveCfg = Release|Any CPU
		{C636612E-C939-4CC9-8688-AFC626C7F6AF}.Release|Any CPU.Build.0 = Release|Any CPU
		{D1DA277B-286B-4547-8773-429CAE8A605B}.Debug|Any CPU.ActiveCfg = Debug|Any CPU
		{D1DA277B-286B-4547-8773-429CAE8A605B}.Debug|Any CPU.Build.0 = Debug|Any CPU
		{D1DA277B-286B-4547-8773-429CAE8A605B}.Release|Any CPU.ActiveCfg = Release|Any CPU
		{D1DA277B-286B-4547-8773-429CAE8A605B}.Release|Any CPU.Build.0 = Release|Any CPU
		{D8B7F577-2B70-4734-AF1D-1A8968F7C6E8}.Debug|Any CPU.ActiveCfg = Debug|Any CPU
		{D8B7F577-2B70-4734-AF1D-1A8968F7C6E8}.Debug|Any CPU.Build.0 = Debug|Any CPU
		{D8B7F577-2B70-4734-AF1D-1A8968F7C6E8}.Release|Any CPU.ActiveCfg = Release|Any CPU
		{D8B7F577-2B70-4734-AF1D-1A8968F7C6E8}.Release|Any CPU.Build.0 = Release|Any CPU
		{5505AEE7-5001-468D-B393-F7110AE48AA5}.Debug|Any CPU.ActiveCfg = Debug|Any CPU
		{5505AEE7-5001-468D-B393-F7110AE48AA5}.Debug|Any CPU.Build.0 = Debug|Any CPU
		{5505AEE7-5001-468D-B393-F7110AE48AA5}.Release|Any CPU.ActiveCfg = Release|Any CPU
		{5505AEE7-5001-468D-B393-F7110AE48AA5}.Release|Any CPU.Build.0 = Release|Any CPU
	EndGlobalSection
	GlobalSection(SolutionProperties) = preSolution
		HideSolutionNode = FALSE
	EndGlobalSection
	GlobalSection(NestedProjects) = preSolution
		{175D8730-936A-4D8E-B542-8B16A2A9289C} = {DF2BEA0E-1D28-4C7E-8D95-F4A14DCF2FD3}
		{7099FC08-3C19-44D7-B0EB-B8AF3BAD16E3} = {DF2BEA0E-1D28-4C7E-8D95-F4A14DCF2FD3}
		{C636612E-C939-4CC9-8688-AFC626C7F6AF} = {DF2BEA0E-1D28-4C7E-8D95-F4A14DCF2FD3}
		{D8B7F577-2B70-4734-AF1D-1A8968F7C6E8} = {DF2BEA0E-1D28-4C7E-8D95-F4A14DCF2FD3}
		{5505AEE7-5001-468D-B393-F7110AE48AA5} = {DF2BEA0E-1D28-4C7E-8D95-F4A14DCF2FD3}
	EndGlobalSection
	GlobalSection(ExtensibilityGlobals) = postSolution
		SolutionGuid = {43A41A3B-7402-4C69-96BE-CE31FD81DCFD}
	EndGlobalSection
EndGlobal
